
Microsoft Visual Studio Solution File, Format Version 12.00
# Visual Studio Version 16
VisualStudioVersion = 16.0.30204.135
MinimumVisualStudioVersion = 10.0.40219.1
Project("{9A19103F-16F7-4668-BE54-9A1E7A4F7556}") = "BlazorAppUI", "BlazorAppUI\BlazorAppUI.csproj", "{ADADDE86-880B-491A-BE09-62A97EC43454}"
EndProject
Global
	GlobalSection(SolutionConfigurationPlatforms) = preSolution
		Debug|Any CPU = Debug|Any CPU
		Release|Any CPU = Release|Any CPU
	EndGlobalSection
	GlobalSection(ProjectConfigurationPlatforms) = postSolution
		{ADADDE86-880B-491A-BE09-62A97EC43454}.Debug|Any CPU.ActiveCfg = Debug|Any CPU
		{ADADDE86-880B-491A-BE09-62A97EC43454}.Debug|Any CPU.Build.0 = Debug|Any CPU
		{ADADDE86-880B-491A-BE09-62A97EC43454}.Release|Any CPU.ActiveCfg = Release|Any CPU
		{ADADDE86-880B-491A-BE09-62A97EC43454}.Release|Any CPU.Build.0 = Release|Any CPU
	EndGlobalSection
	GlobalSection(SolutionProperties) = preSolution
		HideSolutionNode = FALSE
	EndGlobalSection
	GlobalSection(ExtensibilityGlobals) = postSolution
		SolutionGuid = {B9F4EA20-982A-443D-BEE7-3D4B42336FE3}
	EndGlobalSection
EndGlobal
